
Microsoft Visual Studio Solution File, Format Version 12.00
# Visual Studio Version 16
VisualStudioVersion = 16.0.30907.101
MinimumVisualStudioVersion = 10.0.40219.1
Project("{FAE04EC0-301F-11D3-BF4B-00C04F79EFBC}") = "Alliant.Shopping", "Alliant.Shopping\Alliant.Shopping.csproj", "{4668C5E4-DB95-4184-B0B6-250BE86306F5}"
EndProject
Project("{FAE04EC0-301F-11D3-BF4B-00C04F79EFBC}") = "Alliant.Tests", "Alliant.Tests\Alliant.Tests.csproj", "{D0B4A908-737C-4452-9B07-14D131E2FF78}"
EndProject
Global
	GlobalSection(SolutionConfigurationPlatforms) = preSolution
		Debug|Any CPU = Debug|Any CPU
		Release|Any CPU = Release|Any CPU
	EndGlobalSection
	GlobalSection(ProjectConfigurationPlatforms) = postSolution
		{4668C5E4-DB95-4184-B0B6-250BE86306F5}.Debug|Any CPU.ActiveCfg = Debug|Any CPU
		{4668C5E4-DB95-4184-B0B6-250BE86306F5}.Debug|Any CPU.Build.0 = Debug|Any CPU
		{4668C5E4-DB95-4184-B0B6-250BE86306F5}.Release|Any CPU.ActiveCfg = Release|Any CPU
		{4668C5E4-DB95-4184-B0B6-250BE86306F5}.Release|Any CPU.Build.0 = Release|Any CPU
		{D0B4A908-737C-4452-9B07-14D131E2FF78}.Debug|Any CPU.ActiveCfg = Debug|Any CPU
		{D0B4A908-737C-4452-9B07-14D131E2FF78}.Debug|Any CPU.Build.0 = Debug|Any CPU
		{D0B4A908-737C-4452-9B07-14D131E2FF78}.Release|Any CPU.ActiveCfg = Release|Any CPU
		{D0B4A908-737C-4452-9B07-14D131E2FF78}.Release|Any CPU.Build.0 = Release|Any CPU
	EndGlobalSection
	GlobalSection(SolutionProperties) = preSolution
		HideSolutionNode = FALSE
	EndGlobalSection
	GlobalSection(ExtensibilityGlobals) = postSolution
		SolutionGuid = {20F25DB4-09EA-4353-AE5A-DD1915641676}
	EndGlobalSection
EndGlobal
